
Microsoft Visual Studio Solution File, Format Version 12.00
# Visual Studio Version 17
VisualStudioVersion = 17.4.33103.184
MinimumVisualStudioVersion = 10.0.40219.1
Project("{FAE04EC0-301F-11D3-BF4B-00C04F79EFBC}") = "WinFormsFullDesktopApp", "WinFormsFullDesktopApp\WinFormsFullDesktopApp.csproj", "{373E1AC6-66FF-4EDE-8E97-0BCA30B2B260}"
EndProject
Global
	GlobalSection(SolutionConfigurationPlatforms) = preSolution
		Debug|Any CPU = Debug|Any CPU
		Release|Any CPU = Release|Any CPU
	EndGlobalSection
	GlobalSection(ProjectConfigurationPlatforms) = postSolution
		{373E1AC6-66FF-4EDE-8E97-0BCA30B2B260}.Debug|Any CPU.ActiveCfg = Debug|Any CPU
		{373E1AC6-66FF-4EDE-8E97-0BCA30B2B260}.Debug|Any CPU.Build.0 = Debug|Any CPU
		{373E1AC6-66FF-4EDE-8E97-0BCA30B2B260}.Release|Any CPU.ActiveCfg = Release|Any CPU
		{373E1AC6-66FF-4EDE-8E97-0BCA30B2B260}.Release|Any CPU.Build.0 = Release|Any CPU
	EndGlobalSection
	GlobalSection(SolutionProperties) = preSolution
		HideSolutionNode = FALSE
	EndGlobalSection
	GlobalSection(ExtensibilityGlobals) = postSolution
		SolutionGuid = {57F94E8D-3790-4C45-A88A-9C153A343844}
	EndGlobalSection
EndGlobal
